Microsoft Visual Studio Solution File, Format Version 12.00
# Visual Studio Version 17
VisualStudioVersion = 17.5.2.0
MinimumVisualStudioVersion = 10.0.40219.1
Project("{FAE04EC0-301F-11D3-BF4B-00C04F79EFBC}") = "ApiControlGastos", "ApiControlGastos.csproj", "{944D7404-5ED7-D0AF-F9BC-A7C70B98C089}"
EndProject
Global
	GlobalSection(SolutionConfigurationPlatforms) = preSolution
		Debug|Any CPU = Debug|Any CPU
		Release|Any CPU = Release|Any CPU
	EndGlobalSection
	GlobalSection(ProjectConfigurationPlatforms) = postSolution
		{944D7404-5ED7-D0AF-F9BC-A7C70B98C089}.Debug|Any CPU.ActiveCfg = Debug|Any CPU
		{944D7404-5ED7-D0AF-F9BC-A7C70B98C089}.Debug|Any CPU.Build.0 = Debug|Any CPU
		{944D7404-5ED7-D0AF-F9BC-A7C70B98C089}.Release|Any CPU.ActiveCfg = Release|Any CPU
		{944D7404-5ED7-D0AF-F9BC-A7C70B98C089}.Release|Any CPU.Build.0 = Release|Any CPU
	EndGlobalSection
	GlobalSection(SolutionProperties) = preSolution
		HideSolutionNode = FALSE
	EndGlobalSection
	GlobalSection(ExtensibilityGlobals) = postSolution
		SolutionGuid = {AC25C977-FD4D-48BB-99AD-21AC974B7F49}
	EndGlobalSection
EndGlobal
